
Microsoft Visual Studio Solution File, Format Version 12.00
# Visual Studio Version 16
VisualStudioVersion = 16.0.30413.136
MinimumVisualStudioVersion = 10.0.40219.1
Project("{9A19103F-16F7-4668-BE54-9A1E7A4F7556}") = "CL.WebApi", "CL.WebApi\CL.WebApi.csproj", "{901C64E0-34A1-441E-BF1B-D36BF3291B81}"
EndProject
Project("{2150E333-8FDC-42A3-9474-1A3956D46DE8}") = "01.CL.WebApi", "01.CL.WebApi", "{E07AA008-9736-401A-9F63-9FD0D964C5CF}"
EndProject
Project("{2150E333-8FDC-42A3-9474-1A3956D46DE8}") = "02.CL.Manager", "02.CL.Manager", "{421F4C3D-1D23-4A5B-8968-6A5624601A53}"
EndProject
Project("{2150E333-8FDC-42A3-9474-1A3956D46DE8}") = "03.CL.Data", "03.CL.Data", "{D1A1A01A-4365-4740-931D-E90E7F267B99}"
EndProject
Project("{2150E333-8FDC-42A3-9474-1A3956D46DE8}") = "04.CL.Core", "04.CL.Core", "{59E87A74-697E-41C6-9E89-C8E82D05A028}"
EndProject
Project("{2150E333-8FDC-42A3-9474-1A3956D46DE8}") = "05.CL.Tests", "05.CL.Tests", "{35122D51-E751-42B6-9C85-484EF475D430}"
EndProject
Project("{9A19103F-16F7-4668-BE54-9A1E7A4F7556}") = "CL.Manager", "CL.Manager\CL.Manager.csproj", "{A4ED3FA7-E75A-4C04-B213-19D7B7138616}"
EndProject
Project("{9A19103F-16F7-4668-BE54-9A1E7A4F7556}") = "CL.Data", "CL.Data\CL.Data.csproj", "{686874DC-C46F-4F4C-A74E-5E3B306553D2}"
EndProject
Project("{9A19103F-16F7-4668-BE54-9A1E7A4F7556}") = "CL.Core", "CL.Core\CL.Core.csproj", "{D2C43AA6-564E-4F22-A27B-6D6DA6E3AFF1}"
EndProject
Project("{9A19103F-16F7-4668-BE54-9A1E7A4F7556}") = "CL.Core.Shared", "CL.Core.Shared\CL.Core.Shared.csproj", "{4A3AF0E2-0699-4D37-B95C-F65D0C57B215}"
EndProject
Project("{9A19103F-16F7-4668-BE54-9A1E7A4F7556}") = "CL.WebApi.Tests", "CL.WebApi.Tests\CL.WebApi.Tests.csproj", "{DEBF2115-0C9E-4EEF-A4C0-36E3CEE89C8F}"
EndProject
Project("{9A19103F-16F7-4668-BE54-9A1E7A4F7556}") = "CL.FakeData", "CL.FakeData\CL.FakeData.csproj", "{CF0AD245-E25B-47B0-80AB-5AE159662685}"
EndProject
Project("{FAE04EC0-301F-11D3-BF4B-00C04F79EFBC}") = "CL.Manager.Tests", "CL.Manager.Tests\CL.Manager.Tests.csproj", "{500ACB42-B581-4E2E-B33F-CC1DAA030F2D}"
EndProject
Project("{FAE04EC0-301F-11D3-BF4B-00C04F79EFBC}") = "CL.Respository.Tests", "CL.Respository.Tests\CL.Respository.Tests.csproj", "{A9437D4E-C46A-4524-9DF5-DB101DF5D2FC}"
EndProject
Global
	GlobalSection(SolutionConfigurationPlatforms) = preSolution
		Debug|Any CPU = Debug|Any CPU
		Release|Any CPU = Release|Any CPU
	EndGlobalSection
	GlobalSection(ProjectConfigurationPlatforms) = postSolution
		{901C64E0-34A1-441E-BF1B-D36BF3291B81}.Debug|Any CPU.ActiveCfg = Debug|Any CPU
		{901C64E0-34A1-441E-BF1B-D36BF3291B81}.Debug|Any CPU.Build.0 = Debug|Any CPU
		{901C64E0-34A1-441E-BF1B-D36BF3291B81}.Release|Any CPU.ActiveCfg = Release|Any CPU
		{901C64E0-34A1-441E-BF1B-D36BF3291B81}.Release|Any CPU.Build.0 = Release|Any CPU
		{A4ED3FA7-E75A-4C04-B213-19D7B7138616}.Debug|Any CPU.ActiveCfg = Debug|Any CPU
		{A4ED3FA7-E75A-4C04-B213-19D7B7138616}.Debug|Any CPU.Build.0 = Debug|Any CPU
		{A4ED3FA7-E75A-4C04-B213-19D7B7138616}.Release|Any CPU.ActiveCfg = Release|Any CPU
		{A4ED3FA7-E75A-4C04-B213-19D7B7138616}.Release|Any CPU.Build.0 = Release|Any CPU
		{686874DC-C46F-4F4C-A74E-5E3B306553D2}.Debug|Any CPU.ActiveCfg = Debug|Any CPU
		{686874DC-C46F-4F4C-A74E-5E3B306553D2}.Debug|Any CPU.Build.0 = Debug|Any CPU
		{686874DC-C46F-4F4C-A74E-5E3B306553D2}.Release|Any CPU.ActiveCfg = Release|Any CPU
		{686874DC-C46F-4F4C-A74E-5E3B306553D2}.Release|Any CPU.Build.0 = Release|Any CPU
		{D2C43AA6-564E-4F22-A27B-6D6DA6E3AFF1}.Debug|Any CPU.ActiveCfg = Debug|Any CPU
		{D2C43AA6-564E-4F22-A27B-6D6DA6E3AFF1}.Debug|Any CPU.Build.0 = Debug|Any CPU
		{D2C43AA6-564E-4F22-A27B-6D6DA6E3AFF1}.Release|Any CPU.ActiveCfg = Release|Any CPU
		{D2C43AA6-564E-4F22-A27B-6D6DA6E3AFF1}.Release|Any CPU.Build.0 = Release|Any CPU
		{4A3AF0E2-0699-4D37-B95C-F65D0C57B215}.Debug|Any CPU.ActiveCfg = Debug|Any CPU
		{4A3AF0E2-0699-4D37-B95C-F65D0C57B215}.Debug|Any CPU.Build.0 = Debug|Any CPU
		{4A3AF0E2-0699-4D37-B95C-F65D0C57B215}.Release|Any CPU.ActiveCfg = Release|Any CPU
		{4A3AF0E2-0699-4D37-B95C-F65D0C57B215}.Release|Any CPU.Build.0 = Release|Any CPU
		{DEBF2115-0C9E-4EEF-A4C0-36E3CEE89C8F}.Debug|Any CPU.ActiveCfg = Debug|Any CPU
		{DEBF2115-0C9E-4EEF-A4C0-36E3CEE89C8F}.Debug|Any CPU.Build.0 = Debug|Any CPU
		{DEBF2115-0C9E-4EEF-A4C0-36E3CEE89C8F}.Release|Any CPU.ActiveCfg = Release|Any CPU
		{DEBF2115-0C9E-4EEF-A4C0-36E3CEE89C8F}.Release|Any CPU.Build.0 = Release|Any CPU
		{CF0AD245-E25B-47B0-80AB-5AE159662685}.Debug|Any CPU.ActiveCfg = Debug|Any CPU
		{CF0AD245-E25B-47B0-80AB-5AE159662685}.Debug|Any CPU.Build.0 = Debug|Any CPU
		{CF0AD245-E25B-47B0-80AB-5AE159662685}.Release|Any CPU.ActiveCfg = Release|Any CPU
		{CF0AD245-E25B-47B0-80AB-5AE159662685}.Release|Any CPU.Build.0 = Release|Any CPU
		{500ACB42-B581-4E2E-B33F-CC1DAA030F2D}.Debug|Any CPU.ActiveCfg = Debug|Any CPU
		{500ACB42-B581-4E2E-B33F-CC1DAA030F2D}.Debug|Any CPU.Build.0 = Debug|Any CPU
		{500ACB42-B581-4E2E-B33F-CC1DAA030F2D}.Release|Any CPU.ActiveCfg = Release|Any CPU
		{500ACB42-B581-4E2E-B33F-CC1DAA030F2D}.Release|Any CPU.Build.0 = Release|Any CPU
		{A9437D4E-C46A-4524-9DF5-DB101DF5D2FC}.Debug|Any CPU.ActiveCfg = Debug|Any CPU
		{A9437D4E-C46A-4524-9DF5-DB101DF5D2FC}.Debug|Any CPU.Build.0 = Debug|Any CPU
		{A9437D4E-C46A-4524-9DF5-DB101DF5D2FC}.Release|Any CPU.ActiveCfg = Release|Any CPU
		{A9437D4E-C46A-4524-9DF5-DB101DF5D2FC}.Release|Any CPU.Build.0 = Release|Any CPU
	EndGlobalSection
	GlobalSection(SolutionProperties) = preSolution
		HideSolutionNode = FALSE
	EndGlobalSection
	GlobalSection(NestedProjects) = preSolution
		{901C64E0-34A1-441E-BF1B-D36BF3291B81} = {E07AA008-9736-401A-9F63-9FD0D964C5CF}
		{A4ED3FA7-E75A-4C04-B213-19D7B7138616} = {421F4C3D-1D23-4A5B-8968-6A5624601A53}
		{686874DC-C46F-4F4C-A74E-5E3B306553D2} = {D1A1A01A-4365-4740-931D-E90E7F267B99}
		{D2C43AA6-564E-4F22-A27B-6D6DA6E3AFF1} = {59E87A74-697E-41C6-9E89-C8E82D05A028}
		{4A3AF0E2-0699-4D37-B95C-F65D0C57B215} = {59E87A74-697E-41C6-9E89-C8E82D05A028}
		{DEBF2115-0C9E-4EEF-A4C0-36E3CEE89C8F} = {35122D51-E751-42B6-9C85-484EF475D430}
		{CF0AD245-E25B-47B0-80AB-5AE159662685} = {35122D51-E751-42B6-9C85-484EF475D430}
		{500ACB42-B581-4E2E-B33F-CC1DAA030F2D} = {35122D51-E751-42B6-9C85-484EF475D430}
		{A9437D4E-C46A-4524-9DF5-DB101DF5D2FC} = {35122D51-E751-42B6-9C85-484EF475D430}
	EndGlobalSection
	GlobalSection(ExtensibilityGlobals) = postSolution
		SolutionGuid = {BC0F847D-DE83-47C4-9987-4C69A815CD29}
	EndGlobalSection
EndGlobal
